{
	"name": "demopaymentnodb",
	"version": "0.0.0",
	"lockfileVersion": 2,
	"requires": true,
	"packages": {
		"": {
			"name": "demopaymentnodb",
			"version": "0.0.0",
			"dependencies": {
				"body-parser": "^1.17.2",
				"config": "^1.31.0",
				"cors": "^2.8.5",
				"dateformat": "^2.2.0",
				"debug": "^3.2.6",
				"dotenv": "^8.2.0",
				"express": "^4.17.1",
				"jade": "^1.9.2",
				"jquery": "^3.4.0",
				"md5": "^2.2.1",
				"morgan": "^1.10.0",
				"mysql": "^2.18.1",
				"node-fetch": "^2.6.1",
				"qs": "^6.7.0",
				"react": "^17.0.2",
				"react-dom": "^17.0.2",
				"serve-favicon": "^2.4.5",
				"sha256": "^0.2.0",
				"sort-object": "^3.0.3",
				"urlencode": "^1.1.0",
				"uuid": "^8.3.2",
				"uuidv1": "^1.6.14",
				"uuidv4": "^6.2.7"
			}
		},
		"node_modules/@types/uuid": {
			"version": "8.3.0",
			"license": "MIT"
		},
		"node_modules/accepts": {
			"version": "1.3.7",
			"license": "MIT",
			"dependencies": {
				"mime-types": "~2.1.24",
				"negotiator": "0.6.2"
			},
			"engines": {
				"node": ">= 0.6"
			}
		},
		"node_modules/acorn": {
			"version": "2.7.0",
			"license": "MIT",
			"bin": {
				"acorn": "bin/acorn"
			},
			"engines": {
				"node": ">=0.4.0"
			}
		},
		"node_modules/acorn-globals": {
			"version": "1.0.9",
			"license": "MIT",
			"dependencies": {
				"acorn": "^2.1.0"
			}
		},
		"node_modules/amdefine": {
			"version": "1.0.1",
			"license": "BSD-3-Clause OR MIT",
			"engines": {
				"node": ">=0.4.2"
			}
		},
		"node_modules/arr-union": {
			"version": "3.1.0",
			"license": "MIT",
			"engines": {
				"node": ">=0.10.0"
			}
		},
		"node_modules/array-flatten": {
			"version": "1.1.1",
			"license": "MIT"
		},
		"node_modules/assign-symbols": {
			"version": "1.0.0",
			"license": "MIT",
			"engines": {
				"node": ">=0.10.0"
			}
		},
		"node_modules/basic-auth": {
			"version": "2.0.1",
			"resolved": "https://registry.npmjs.org/basic-auth/-/basic-auth-2.0.1.tgz",
			"integrity": "sha512-NF+epuEdnUYVlGuhaxbbq+dvJttwLnGY+YixlXlME5KpQ5W3CnXA5cVTneY3SPbPDRkcjMbifrwmFYcClgOZeg==",
			"dependencies": {
				"safe-buffer": "5.1.2"
			},
			"engines": {
				"node": ">= 0.8"
			}
		},
		"node_modules/bignumber.js": {
			"version": "9.0.0",
			"license": "MIT",
			"engines": {
				"node": "*"
			}
		},
		"node_modules/body-parser": {
			"version": "1.19.0",
			"resolved": "https://registry.npmjs.org/body-parser/-/body-parser-1.19.0.tgz",
			"integrity": "sha512-dhEPs72UPbDnAQJ9ZKMNTP6ptJaionhP5cBb541nXPlW60Jepo9RV/a4fX4XWW9CuFNK22krhrj1+rgzifNCsw==",
			"dependencies": {
				"bytes": "3.1.0",
				"content-type": "~1.0.4",
				"debug": "2.6.9",
				"depd": "~1.1.2",
				"http-errors": "1.7.2",
				"iconv-lite": "0.4.24",
				"on-finished": "~2.3.0",
				"qs": "6.7.0",
				"raw-body": "2.4.0",
				"type-is": "~1.6.17"
			},
			"engines": {
				"node": ">= 0.8"
			}
		},
		"node_modules/body-parser/node_modules/debug": {
			"version": "2.6.9",
			"resolved": "https://registry.npmjs.org/debug/-/debug-2.6.9.tgz",
			"integrity": "sha512-bC7ElrdJaJnPbAP+1EotYvqZsb3ecl5wi6Bfi6BJTUcNowp6cvspg0jXznRTKDjm/E7AdgFBVeAPVMNcKGsHMA==",
			"dependencies": {
				"ms": "2.0.0"
			}
		},
		"node_modules/bytes": {
			"version": "3.1.0",
			"resolved": "https://registry.npmjs.org/bytes/-/bytes-3.1.0.tgz",
			"integrity": "sha512-zauLjrfCG+xvoyaqLoV8bLVXXNGC4JqlxFCutSDWA6fJrTo2ZuvLYTqZ7aHBLZSMOopbzwv8f+wZcVzfVTI2Dg==",
			"engines": {
				"node": ">= 0.8"
			}
		},
		"node_modules/bytewise": {
			"version": "1.1.0",
			"license": "MIT",
			"dependencies": {
				"bytewise-core": "^1.2.2",
				"typewise": "^1.0.3"
			}
		},
		"node_modules/bytewise-core": {
			"version": "1.2.3",
			"license": "MIT",
			"dependencies": {
				"typewise-core": "^1.2"
			}
		},
		"node_modules/character-parser": {
			"version": "1.2.1",
			"license": "MIT"
		},
		"node_modules/charenc": {
			"version": "0.0.2",
			"license": "BSD-3-Clause",
			"engines": {
				"node": "*"
			}
		},
		"node_modules/commander": {
			"version": "2.6.0",
			"license": "MIT",
			"engines": {
				"node": ">= 0.6.x"
			}
		},
		"node_modules/config": {
			"version": "1.31.0",
			"license": "MIT",
			"dependencies": {
				"json5": "^1.0.1"
			},
			"engines": {
				"node": ">= 4.0.0"
			}
		},
		"node_modules/constantinople": {
			"version": "3.0.2",
			"license": "MIT",
			"dependencies": {
				"acorn": "^2.1.0"
			}
		},
		"node_modules/content-disposition": {
			"version": "0.5.3",
			"license": "MIT",
			"dependencies": {
				"safe-buffer": "5.1.2"
			},
			"engines": {
				"node": ">= 0.6"
			}
		},
		"node_modules/content-type": {
			"version": "1.0.4",
			"license": "MIT",
			"engines": {
				"node": ">= 0.6"
			}
		},
		"node_modules/convert-hex": {
			"version": "0.1.0"
		},
		"node_modules/convert-string": {
			"version": "0.1.0"
		},
		"node_modules/cookie-signature": {
			"version": "1.0.6",
			"license": "MIT"
		},
		"node_modules/core-util-is": {
			"version": "1.0.2",
			"license": "MIT"
		},
		"node_modules/cors": {
			"version": "2.8.5",
			"resolved": "https://registry.npmjs.org/cors/-/cors-2.8.5.tgz",
			"integrity": "sha512-KIHbLJqu73RGr/hnbrO9uBeixNGuvSQjul/jdFvS/KFSIH1hWVd1ng7zOHx+YrEfInLG7q4n6GHQ9cDtxv/P6g==",
			"dependencies": {
				"object-assign": "^4",
				"vary": "^1"
			},
			"engines": {
				"node": ">= 0.10"
			}
		},
		"node_modules/crypt": {
			"version": "0.0.2",
			"license": "BSD-3-Clause",
			"engines": {
				"node": "*"
			}
		},
		"node_modules/css": {
			"version": "1.0.8",
			"dependencies": {
				"css-parse": "1.0.4",
				"css-stringify": "1.0.5"
			}
		},
		"node_modules/css-parse": {
			"version": "1.0.4"
		},
		"node_modules/css-stringify": {
			"version": "1.0.5"
		},
		"node_modules/dateformat": {
			"version": "2.2.0",
			"license": "MIT",
			"engines": {
				"node": "*"
			}
		},
		"node_modules/debug": {
			"version": "3.2.6",
			"license": "MIT",
			"dependencies": {
				"ms": "^2.1.1"
			}
		},
		"node_modules/debug/node_modules/ms": {
			"version": "2.1.1",
			"license": "MIT"
		},
		"node_modules/depd": {
			"version": "1.1.2",
			"resolved": "https://registry.npmjs.org/depd/-/depd-1.1.2.tgz",
			"integrity": "sha1-m81S4UwJd2PnSbJ0xDRu0uVgtak=",
			"engines": {
				"node": ">= 0.6"
			}
		},
		"node_modules/destroy": {
			"version": "1.0.4",
			"license": "MIT"
		},
		"node_modules/dotenv": {
			"version": "8.2.0",
			"resolved": "https://registry.npmjs.org/dotenv/-/dotenv-8.2.0.tgz",
			"integrity": "sha512-8sJ78ElpbDJBHNeBzUbUVLsqKdccaa/BXF1uPTw3GrvQTBgrQrtObr2mUrE38vzYd8cEv+m/JBfDLioYcfXoaw==",
			"engines": {
				"node": ">=8"
			}
		},
		"node_modules/ee-first": {
			"version": "1.1.1",
			"license": "MIT"
		},
		"node_modules/encodeurl": {
			"version": "1.0.2",
			"license": "MIT",
			"engines": {
				"node": ">= 0.8"
			}
		},
		"node_modules/escape-html": {
			"version": "1.0.3",
			"license": "MIT"
		},
		"node_modules/etag": {
			"version": "1.8.1",
			"license": "MIT",
			"engines": {
				"node": ">= 0.6"
			}
		},
		"node_modules/express": {
			"version": "4.17.1",
			"license": "MIT",
			"dependencies": {
				"accepts": "~1.3.7",
				"array-flatten": "1.1.1",
				"body-parser": "1.19.0",
				"content-disposition": "0.5.3",
				"content-type": "~1.0.4",
				"cookie": "0.4.0",
				"cookie-signature": "1.0.6",
				"debug": "2.6.9",
				"depd": "~1.1.2",
				"encodeurl": "~1.0.2",
				"escape-html": "~1.0.3",
				"etag": "~1.8.1",
				"finalhandler": "~1.1.2",
				"fresh": "0.5.2",
				"merge-descriptors": "1.0.1",
				"methods": "~1.1.2",
				"on-finished": "~2.3.0",
				"parseurl": "~1.3.3",
				"path-to-regexp": "0.1.7",
				"proxy-addr": "~2.0.5",
				"qs": "6.7.0",
				"range-parser": "~1.2.1",
				"safe-buffer": "5.1.2",
				"send": "0.17.1",
				"serve-static": "1.14.1",
				"setprototypeof": "1.1.1",
				"statuses": "~1.5.0",
				"type-is": "~1.6.18",
				"utils-merge": "1.0.1",
				"vary": "~1.1.2"
			},
			"engines": {
				"node": ">= 0.10.0"
			}
		},
		"node_modules/express/node_modules/cookie": {
			"version": "0.4.0",
			"license": "MIT",
			"engines": {
				"node": ">= 0.6"
			}
		},
		"node_modules/express/node_modules/debug": {
			"version": "2.6.9",
			"license": "MIT",
			"dependencies": {
				"ms": "2.0.0"
			}
		},
		"node_modules/extend-shallow": {
			"version": "2.0.1",
			"license": "MIT",
			"dependencies": {
				"is-extendable": "^0.1.0"
			},
			"engines": {
				"node": ">=0.10.0"
			}
		},
		"node_modules/finalhandler": {
			"version": "1.1.2",
			"license": "MIT",
			"dependencies": {
				"debug": "2.6.9",
				"encodeurl": "~1.0.2",
				"escape-html": "~1.0.3",
				"on-finished": "~2.3.0",
				"parseurl": "~1.3.3",
				"statuses": "~1.5.0",
				"unpipe": "~1.0.0"
			},
			"engines": {
				"node": ">= 0.8"
			}
		},
		"node_modules/finalhandler/node_modules/debug": {
			"version": "2.6.9",
			"license": "MIT",
			"dependencies": {
				"ms": "2.0.0"
			}
		},
		"node_modules/forwarded": {
			"version": "0.1.2",
			"license": "MIT",
			"engines": {
				"node": ">= 0.6"
			}
		},
		"node_modules/fresh": {
			"version": "0.5.2",
			"license": "MIT",
			"engines": {
				"node": ">= 0.6"
			}
		},
		"node_modules/get-value": {
			"version": "2.0.6",
			"license": "MIT",
			"engines": {
				"node": ">=0.10.0"
			}
		},
		"node_modules/http-errors": {
			"version": "1.7.2",
			"resolved": "https://registry.npmjs.org/http-errors/-/http-errors-1.7.2.tgz",
			"integrity": "sha512-uUQBt3H/cSIVfch6i1EuPNy/YsRSOUBXTVfZ+yR7Zjez3qjBz6i9+i4zjNaoqcoFVI4lQJ5plg63TvGfRSDCRg==",
			"dependencies": {
				"depd": "~1.1.2",
				"inherits": "2.0.3",
				"setprototypeof": "1.1.1",
				"statuses": ">= 1.5.0 < 2",
				"toidentifier": "1.0.0"
			},
			"engines": {
				"node": ">= 0.6"
			}
		},
		"node_modules/iconv-lite": {
			"version": "0.4.24",
			"resolved": "https://registry.npmjs.org/iconv-lite/-/iconv-lite-0.4.24.tgz",
			"integrity": "sha512-v3MXnZAcvnywkTUEZomIActle7RXXeedOR31wwl7VlyoXO4Qi9arvSenNQWne1TcRwhCL1HwLI21bEqdpj8/rA==",
			"dependencies": {
				"safer-buffer": ">= 2.1.2 < 3"
			},
			"engines": {
				"node": ">=0.10.0"
			}
		},
		"node_modules/inherits": {
			"version": "2.0.3",
			"license": "ISC"
		},
		"node_modules/ipaddr.js": {
			"version": "1.9.0",
			"license": "MIT",
			"engines": {
				"node": ">= 0.10"
			}
		},
		"node_modules/is-buffer": {
			"version": "1.1.5",
			"license": "MIT"
		},
		"node_modules/is-extendable": {
			"version": "0.1.1",
			"license": "MIT",
			"engines": {
				"node": ">=0.10.0"
			}
		},
		"node_modules/is-plain-object": {
			"version": "2.0.4",
			"license": "MIT",
			"dependencies": {
				"isobject": "^3.0.1"
			},
			"engines": {
				"node": ">=0.10.0"
			}
		},
		"node_modules/isarray": {
			"version": "1.0.0",
			"license": "MIT"
		},
		"node_modules/isobject": {
			"version": "3.0.1",
			"license": "MIT",
			"engines": {
				"node": ">=0.10.0"
			}
		},
		"node_modules/jade": {
			"version": "1.9.2",
			"resolved": "https://registry.npmjs.org/jade/-/jade-1.9.2.tgz",
			"integrity": "sha1-C4n5xg1OrSc46Ca6eyzKyaVwKr4=",
			"deprecated": "Jade has been renamed to pug, please install the latest version of pug instead of jade",
			"dependencies": {
				"character-parser": "1.2.1",
				"commander": "~2.6.0",
				"constantinople": "~3.0.1",
				"mkdirp": "~0.5.0",
				"transformers": "2.1.0",
				"void-elements": "~2.0.1",
				"with": "~4.0.0"
			},
			"bin": {
				"jade": "bin/jade.js"
			}
		},
		"node_modules/jquery": {
			"version": "3.6.0",
			"resolved": "https://registry.npmjs.org/jquery/-/jquery-3.6.0.tgz",
			"integrity": "sha512-JVzAR/AjBvVt2BmYhxRCSYysDsPcssdmTFnzyLEts9qNwmjmu4JTAMYubEfwVOSwpQ1I1sKKFcxhZCI2buerfw=="
		},
		"node_modules/js-tokens": {
			"version": "4.0.0",
			"license": "MIT"
		},
		"node_modules/json5": {
			"version": "1.0.1",
			"license": "MIT",
			"dependencies": {
				"minimist": "^1.2.0"
			},
			"bin": {
				"json5": "lib/cli.js"
			}
		},
		"node_modules/loose-envify": {
			"version": "1.4.0",
			"license": "MIT",
			"dependencies": {
				"js-tokens": "^3.0.0 || ^4.0.0"
			},
			"bin": {
				"loose-envify": "cli.js"
			}
		},
		"node_modules/md5": {
			"version": "2.2.1",
			"license": "BSD-3-Clause",
			"dependencies": {
				"charenc": "~0.0.1",
				"crypt": "~0.0.1",
				"is-buffer": "~1.1.1"
			}
		},
		"node_modules/media-typer": {
			"version": "0.3.0",
			"license": "MIT",
			"engines": {
				"node": ">= 0.6"
			}
		},
		"node_modules/merge-descriptors": {
			"version": "1.0.1",
			"license": "MIT"
		},
		"node_modules/methods": {
			"version": "1.1.2",
			"license": "MIT",
			"engines": {
				"node": ">= 0.6"
			}
		},
		"node_modules/mime": {
			"version": "1.6.0",
			"license": "MIT",
			"bin": {
				"mime": "cli.js"
			},
			"engines": {
				"node": ">=4"
			}
		},
		"node_modules/mime-db": {
			"version": "1.47.0",
			"license": "MIT",
			"engines": {
				"node": ">= 0.6"
			}
		},
		"node_modules/mime-types": {
			"version": "2.1.30",
			"license": "MIT",
			"dependencies": {
				"mime-db": "1.47.0"
			},
			"engines": {
				"node": ">= 0.6"
			}
		},
		"node_modules/minimist": {
			"version": "1.2.5",
			"resolved": "https://registry.npmjs.org/minimist/-/minimist-1.2.5.tgz",
			"integrity": "sha512-FM9nNUYrRBAELZQT3xeZQ7fmMOBg6nWNmJKTcgsJeaLstP/UODVpGsr5OhXhhXg6f+qtJ8uiZ+PUxkDWcgIXLw=="
		},
		"node_modules/mkdirp": {
			"version": "0.5.5",
			"resolved": "https://registry.npmjs.org/mkdirp/-/mkdirp-0.5.5.tgz",
			"integrity": "sha512-NKmAlESf6jMGym1++R0Ra7wvhV+wFW63FaSOFPwRahvea0gMUcGUhVeAg/0BC0wiv9ih5NYPB1Wn1UEI1/L+xQ==",
			"dependencies": {
				"minimist": "^1.2.5"
			},
			"bin": {
				"mkdirp": "bin/cmd.js"
			}
		},
		"node_modules/morgan": {
			"version": "1.10.0",
			"resolved": "https://registry.npmjs.org/morgan/-/morgan-1.10.0.tgz",
			"integrity": "sha512-AbegBVI4sh6El+1gNwvD5YIck7nSA36weD7xvIxG4in80j/UoK8AEGaWnnz8v1GxonMCltmlNs5ZKbGvl9b1XQ==",
			"dependencies": {
				"basic-auth": "~2.0.1",
				"debug": "2.6.9",
				"depd": "~2.0.0",
				"on-finished": "~2.3.0",
				"on-headers": "~1.0.2"
			},
			"engines": {
				"node": ">= 0.8.0"
			}
		},
		"node_modules/morgan/node_modules/debug": {
			"version": "2.6.9",
			"resolved": "https://registry.npmjs.org/debug/-/debug-2.6.9.tgz",
			"integrity": "sha512-bC7ElrdJaJnPbAP+1EotYvqZsb3ecl5wi6Bfi6BJTUcNowp6cvspg0jXznRTKDjm/E7AdgFBVeAPVMNcKGsHMA==",
			"dependencies": {
				"ms": "2.0.0"
			}
		},
		"node_modules/morgan/node_modules/depd": {
			"version": "2.0.0",
			"resolved": "https://registry.npmjs.org/depd/-/depd-2.0.0.tgz",
			"integrity": "sha512-g7nH6P6dyDioJogAAGprGpCtVImJhpPk/roCzdb3fIh61/s/nPsfR6onyMwkCAR/OlC3yBC0lESvUoQEAssIrw==",
			"engines": {
				"node": ">= 0.8"
			}
		},
		"node_modules/ms": {
			"version": "2.0.0",
			"license": "MIT"
		},
		"node_modules/mysql": {
			"version": "2.18.1",
			"license": "MIT",
			"dependencies": {
				"bignumber.js": "9.0.0",
				"readable-stream": "2.3.7",
				"safe-buffer": "5.1.2",
				"sqlstring": "2.3.1"
			},
			"engines": {
				"node": ">= 0.6"
			}
		},
		"node_modules/negotiator": {
			"version": "0.6.2",
			"license": "MIT",
			"engines": {
				"node": ">= 0.6"
			}
		},
		"node_modules/node-fetch": {
			"version": "2.6.1",
			"license": "MIT",
			"engines": {
				"node": "4.x || >=6.0.0"
			}
		},
		"node_modules/object-assign": {
			"version": "4.1.1",
			"license": "MIT",
			"engines": {
				"node": ">=0.10.0"
			}
		},
		"node_modules/on-finished": {
			"version": "2.3.0",
			"license": "MIT",
			"dependencies": {
				"ee-first": "1.1.1"
			},
			"engines": {
				"node": ">= 0.8"
			}
		},
		"node_modules/on-headers": {
			"version": "1.0.2",
			"resolved": "https://registry.npmjs.org/on-headers/-/on-headers-1.0.2.tgz",
			"integrity": "sha512-pZAE+FJLoyITytdqK0U5s+FIpjN0JP3OzFi/u8Rx+EV5/W+JTWGXG8xFzevE7AjBfDqHv/8vL8qQsIhHnqRkrA==",
			"engines": {
				"node": ">= 0.8"
			}
		},
		"node_modules/optimist": {
			"version": "0.3.7",
			"license": "MIT/X11",
			"dependencies": {
				"wordwrap": "~0.0.2"
			}
		},
		"node_modules/parseurl": {
			"version": "1.3.3",
			"license": "MIT",
			"engines": {
				"node": ">= 0.8"
			}
		},
		"node_modules/path-to-regexp": {
			"version": "0.1.7",
			"license": "MIT"
		},
		"node_modules/process-nextick-args": {
			"version": "2.0.1",
			"license": "MIT"
		},
		"node_modules/proxy-addr": {
			"version": "2.0.5",
			"license": "MIT",
			"dependencies": {
				"forwarded": "~0.1.2",
				"ipaddr.js": "1.9.0"
			},
			"engines": {
				"node": ">= 0.10"
			}
		},
		"node_modules/qs": {
			"version": "6.7.0",
			"license": "BSD-3-Clause",
			"engines": {
				"node": ">=0.6"
			}
		},
		"node_modules/range-parser": {
			"version": "1.2.1",
			"license": "MIT",
			"engines": {
				"node": ">= 0.6"
			}
		},
		"node_modules/raw-body": {
			"version": "2.4.0",
			"resolved": "https://registry.npmjs.org/raw-body/-/raw-body-2.4.0.tgz",
			"integrity": "sha512-4Oz8DUIwdvoa5qMJelxipzi/iJIi40O5cGV1wNYp5hvZP8ZN0T+jiNkL0QepXs+EsQ9XJ8ipEDoiH70ySUJP3Q==",
			"dependencies": {
				"bytes": "3.1.0",
				"http-errors": "1.7.2",
				"iconv-lite": "0.4.24",
				"unpipe": "1.0.0"
			},
			"engines": {
				"node": ">= 0.8"
			}
		},
		"node_modules/react": {
			"version": "17.0.2",
			"license": "MIT",
			"dependencies": {
				"loose-envify": "^1.1.0",
				"object-assign": "^4.1.1"
			},
			"engines": {
				"node": ">=0.10.0"
			}
		},
		"node_modules/react-dom": {
			"version": "17.0.2",
			"license": "MIT",
			"dependencies": {
				"loose-envify": "^1.1.0",
				"object-assign": "^4.1.1",
				"scheduler": "^0.20.2"
			},
			"peerDependencies": {
				"react": "17.0.2"
			}
		},
		"node_modules/readable-stream": {
			"version": "2.3.7",
			"license": "MIT",
			"dependencies": {
				"core-util-is": "~1.0.0",
				"inherits": "~2.0.3",
				"isarray": "~1.0.0",
				"process-nextick-args": "~2.0.0",
				"safe-buffer": "~5.1.1",
				"string_decoder": "~1.1.1",
				"util-deprecate": "~1.0.1"
			}
		},
		"node_modules/safe-buffer": {
			"version": "5.1.2",
			"license": "MIT"
		},
		"node_modules/safer-buffer": {
			"version": "2.1.2",
			"license": "MIT"
		},
		"node_modules/scheduler": {
			"version": "0.20.2",
			"license": "MIT",
			"dependencies": {
				"loose-envify": "^1.1.0",
				"object-assign": "^4.1.1"
			}
		},
		"node_modules/send": {
			"version": "0.17.1",
			"license": "MIT",
			"dependencies": {
				"debug": "2.6.9",
				"depd": "~1.1.2",
				"destroy": "~1.0.4",
				"encodeurl": "~1.0.2",
				"escape-html": "~1.0.3",
				"etag": "~1.8.1",
				"fresh": "0.5.2",
				"http-errors": "~1.7.2",
				"mime": "1.6.0",
				"ms": "2.1.1",
				"on-finished": "~2.3.0",
				"range-parser": "~1.2.1",
				"statuses": "~1.5.0"
			},
			"engines": {
				"node": ">= 0.8.0"
			}
		},
		"node_modules/send/node_modules/debug": {
			"version": "2.6.9",
			"license": "MIT",
			"dependencies": {
				"ms": "2.0.0"
			}
		},
		"node_modules/send/node_modules/debug/node_modules/ms": {
			"version": "2.0.0",
			"license": "MIT"
		},
		"node_modules/send/node_modules/ms": {
			"version": "2.1.1",
			"license": "MIT"
		},
		"node_modules/serve-favicon": {
			"version": "2.4.5",
			"license": "MIT",
			"dependencies": {
				"etag": "~1.8.1",
				"fresh": "0.5.2",
				"ms": "2.0.0",
				"parseurl": "~1.3.2",
				"safe-buffer": "5.1.1"
			},
			"engines": {
				"node": ">= 0.8.0"
			}
		},
		"node_modules/serve-favicon/node_modules/safe-buffer": {
			"version": "5.1.1",
			"license": "MIT"
		},
		"node_modules/serve-static": {
			"version": "1.14.1",
			"license": "MIT",
			"dependencies": {
				"encodeurl": "~1.0.2",
				"escape-html": "~1.0.3",
				"parseurl": "~1.3.3",
				"send": "0.17.1"
			},
			"engines": {
				"node": ">= 0.8.0"
			}
		},
		"node_modules/set-value": {
			"version": "2.0.1",
			"license": "MIT",
			"dependencies": {
				"extend-shallow": "^2.0.1",
				"is-extendable": "^0.1.1",
				"is-plain-object": "^2.0.3",
				"split-string": "^3.0.1"
			},
			"engines": {
				"node": ">=0.10.0"
			}
		},
		"node_modules/setprototypeof": {
			"version": "1.1.1",
			"resolved": "https://registry.npmjs.org/setprototypeof/-/setprototypeof-1.1.1.tgz",
			"integrity": "sha512-JvdAWfbXeIGaZ9cILp38HntZSFSo3mWg6xGcJJsd+d4aRMOqauag1C63dJfDw7OaMYwEbHMOxEZ1lqVRYP2OAw=="
		},
		"node_modules/sha256": {
			"version": "0.2.0",
			"dependencies": {
				"convert-hex": "~0.1.0",
				"convert-string": "~0.1.0"
			}
		},
		"node_modules/sort-asc": {
			"version": "0.2.0",
			"license": "MIT",
			"engines": {
				"node": ">=0.10.0"
			}
		},
		"node_modules/sort-desc": {
			"version": "0.2.0",
			"license": "MIT",
			"engines": {
				"node": ">=0.10.0"
			}
		},
		"node_modules/sort-object": {
			"version": "3.0.3",
			"license": "MIT",
			"dependencies": {
				"bytewise": "^1.1.0",
				"get-value": "^2.0.2",
				"is-extendable": "^0.1.1",
				"sort-asc": "^0.2.0",
				"sort-desc": "^0.2.0",
				"union-value": "^1.0.1"
			},
			"engines": {
				"node": ">=0.10.0"
			}
		},
		"node_modules/source-map": {
			"version": "0.1.43",
			"resolved": "https://registry.npmjs.org/source-map/-/source-map-0.1.43.tgz",
			"integrity": "sha1-wkvBRspRfBRx9drL4lcbK3+eM0Y=",
			"dependencies": {
				"amdefine": ">=0.0.4"
			},
			"engines": {
				"node": ">=0.8.0"
			}
		},
		"node_modules/split-string": {
			"version": "3.1.0",
			"license": "MIT",
			"dependencies": {
				"extend-shallow": "^3.0.0"
			},
			"engines": {
				"node": ">=0.10.0"
			}
		},
		"node_modules/split-string/node_modules/extend-shallow": {
			"version": "3.0.2",
			"license": "MIT",
			"dependencies": {
				"assign-symbols": "^1.0.0",
				"is-extendable": "^1.0.1"
			},
			"engines": {
				"node": ">=0.10.0"
			}
		},
		"node_modules/split-string/node_modules/is-extendable": {
			"version": "1.0.1",
			"license": "MIT",
			"dependencies": {
				"is-plain-object": "^2.0.4"
			},
			"engines": {
				"node": ">=0.10.0"
			}
		},
		"node_modules/sqlstring": {
			"version": "2.3.1",
			"license": "MIT",
			"engines": {
				"node": ">= 0.6"
			}
		},
		"node_modules/statuses": {
			"version": "1.5.0",
			"license": "MIT",
			"engines": {
				"node": ">= 0.6"
			}
		},
		"node_modules/string_decoder": {
			"version": "1.1.1",
			"license": "MIT",
			"dependencies": {
				"safe-buffer": "~5.1.0"
			}
		},
		"node_modules/toidentifier": {
			"version": "1.0.0",
			"license": "MIT",
			"engines": {
				"node": ">=0.6"
			}
		},
		"node_modules/transformers": {
			"version": "2.1.0",
			"license": "MIT",
			"dependencies": {
				"css": "~1.0.8",
				"promise": "~2.0",
				"uglify-js": "~2.2.5"
			}
		},
		"node_modules/transformers/node_modules/is-promise": {
			"version": "1.0.1",
			"license": "MIT"
		},
		"node_modules/transformers/node_modules/promise": {
			"version": "2.0.0",
			"license": "MIT",
			"dependencies": {
				"is-promise": "~1"
			}
		},
		"node_modules/type-is": {
			"version": "1.6.18",
			"license": "MIT",
			"dependencies": {
				"media-typer": "0.3.0",
				"mime-types": "~2.1.24"
			},
			"engines": {
				"node": ">= 0.6"
			}
		},
		"node_modules/typewise": {
			"version": "1.0.3",
			"license": "MIT",
			"dependencies": {
				"typewise-core": "^1.2.0"
			}
		},
		"node_modules/typewise-core": {
			"version": "1.2.0",
			"license": "MIT"
		},
		"node_modules/uglify-js": {
			"version": "2.2.5",
			"resolved": "https://registry.npmjs.org/uglify-js/-/uglify-js-2.2.5.tgz",
			"integrity": "sha1-puAqcNg5eSuXgEiLe4sYTAlcmcc=",
			"dependencies": {
				"optimist": "~0.3.5",
				"source-map": "~0.1.7"
			},
			"bin": {
				"uglifyjs": "bin/uglifyjs"
			},
			"engines": {
				"node": ">=0.4.0"
			}
		},
		"node_modules/union-value": {
			"version": "1.0.1",
			"license": "MIT",
			"dependencies": {
				"arr-union": "^3.1.0",
				"get-value": "^2.0.6",
				"is-extendable": "^0.1.1",
				"set-value": "^2.0.1"
			},
			"engines": {
				"node": ">=0.10.0"
			}
		},
		"node_modules/unpipe": {
			"version": "1.0.0",
			"license": "MIT",
			"engines": {
				"node": ">= 0.8"
			}
		},
		"node_modules/urlencode": {
			"version": "1.1.0",
			"license": "MIT",
			"dependencies": {
				"iconv-lite": "~0.4.11"
			}
		},
		"node_modules/util-deprecate": {
			"version": "1.0.2",
			"license": "MIT"
		},
		"node_modules/utils-merge": {
			"version": "1.0.1",
			"license": "MIT",
			"engines": {
				"node": ">= 0.4.0"
			}
		},
		"node_modules/uuid": {
			"version": "8.3.2",
			"license": "MIT",
			"bin": {
				"uuid": "dist/bin/uuid"
			}
		},
		"node_modules/uuidv1": {
			"version": "1.6.14",
			"license": "ISC"
		},
		"node_modules/uuidv4": {
			"version": "6.2.7",
			"license": "MIT",
			"dependencies": {
				"@types/uuid": "8.3.0",
				"uuid": "8.3.2"
			}
		},
		"node_modules/vary": {
			"version": "1.1.2",
			"license": "MIT",
			"engines": {
				"node": ">= 0.8"
			}
		},
		"node_modules/void-elements": {
			"version": "2.0.1",
			"license": "MIT",
			"engines": {
				"node": ">=0.10.0"
			}
		},
		"node_modules/with": {
			"version": "4.0.3",
			"license": "MIT",
			"dependencies": {
				"acorn": "^1.0.1",
				"acorn-globals": "^1.0.3"
			}
		},
		"node_modules/with/node_modules/acorn": {
			"version": "1.2.2",
			"license": "MIT",
			"bin": {
				"acorn": "bin/acorn"
			},
			"engines": {
				"node": ">=0.4.0"
			}
		},
		"node_modules/wordwrap": {
			"version": "0.0.3",
			"license": "MIT",
			"engines": {
				"node": ">=0.4.0"
			}
		}
	},
	"dependencies": {
		"@types/uuid": {
			"version": "8.3.0"
		},
		"accepts": {
			"version": "1.3.7",
			"requires": {
				"mime-types": "~2.1.24",
				"negotiator": "0.6.2"
			}
		},
		"acorn": {
			"version": "2.7.0"
		},
		"acorn-globals": {
			"version": "1.0.9",
			"requires": {
				"acorn": "^2.1.0"
			}
		},
		"amdefine": {
			"version": "1.0.1"
		},
		"arr-union": {
			"version": "3.1.0"
		},
		"array-flatten": {
			"version": "1.1.1"
		},
		"assign-symbols": {
			"version": "1.0.0"
		},
		"basic-auth": {
			"version": "2.0.1",
			"resolved": "https://registry.npmjs.org/basic-auth/-/basic-auth-2.0.1.tgz",
			"integrity": "sha512-NF+epuEdnUYVlGuhaxbbq+dvJttwLnGY+YixlXlME5KpQ5W3CnXA5cVTneY3SPbPDRkcjMbifrwmFYcClgOZeg==",
			"requires": {
				"safe-buffer": "5.1.2"
			}
		},
		"bignumber.js": {
			"version": "9.0.0"
		},
		"body-parser": {
			"version": "1.19.0",
			"resolved": "https://registry.npmjs.org/body-parser/-/body-parser-1.19.0.tgz",
			"integrity": "sha512-dhEPs72UPbDnAQJ9ZKMNTP6ptJaionhP5cBb541nXPlW60Jepo9RV/a4fX4XWW9CuFNK22krhrj1+rgzifNCsw==",
			"requires": {
				"bytes": "3.1.0",
				"content-type": "~1.0.4",
				"debug": "2.6.9",
				"depd": "~1.1.2",
				"http-errors": "1.7.2",
				"iconv-lite": "0.4.24",
				"on-finished": "~2.3.0",
				"qs": "6.7.0",
				"raw-body": "2.4.0",
				"type-is": "~1.6.17"
			},
			"dependencies": {
				"debug": {
					"version": "2.6.9",
					"resolved": "https://registry.npmjs.org/debug/-/debug-2.6.9.tgz",
					"integrity": "sha512-bC7ElrdJaJnPbAP+1EotYvqZsb3ecl5wi6Bfi6BJTUcNowp6cvspg0jXznRTKDjm/E7AdgFBVeAPVMNcKGsHMA==",
					"requires": {
						"ms": "2.0.0"
					}
				}
			}
		},
		"bytes": {
			"version": "3.1.0",
			"resolved": "https://registry.npmjs.org/bytes/-/bytes-3.1.0.tgz",
			"integrity": "sha512-zauLjrfCG+xvoyaqLoV8bLVXXNGC4JqlxFCutSDWA6fJrTo2ZuvLYTqZ7aHBLZSMOopbzwv8f+wZcVzfVTI2Dg=="
		},
		"bytewise": {
			"version": "1.1.0",
			"requires": {
				"bytewise-core": "^1.2.2",
				"typewise": "^1.0.3"
			}
		},
		"bytewise-core": {
			"version": "1.2.3",
			"requires": {
				"typewise-core": "^1.2"
			}
		},
		"character-parser": {
			"version": "1.2.1"
		},
		"charenc": {
			"version": "0.0.2"
		},
		"commander": {
			"version": "2.6.0"
		},
		"config": {
			"version": "1.31.0",
			"requires": {
				"json5": "^1.0.1"
			}
		},
		"constantinople": {
			"version": "3.0.2",
			"requires": {
				"acorn": "^2.1.0"
			}
		},
		"content-disposition": {
			"version": "0.5.3",
			"requires": {
				"safe-buffer": "5.1.2"
			}
		},
		"content-type": {
			"version": "1.0.4"
		},
		"convert-hex": {
			"version": "0.1.0"
		},
		"convert-string": {
			"version": "0.1.0"
		},
		"cookie-signature": {
			"version": "1.0.6"
		},
		"core-util-is": {
			"version": "1.0.2"
		},
		"cors": {
			"version": "2.8.5",
			"resolved": "https://registry.npmjs.org/cors/-/cors-2.8.5.tgz",
			"integrity": "sha512-KIHbLJqu73RGr/hnbrO9uBeixNGuvSQjul/jdFvS/KFSIH1hWVd1ng7zOHx+YrEfInLG7q4n6GHQ9cDtxv/P6g==",
			"requires": {
				"object-assign": "^4",
				"vary": "^1"
			}
		},
		"crypt": {
			"version": "0.0.2"
		},
		"css": {
			"version": "1.0.8",
			"requires": {
				"css-parse": "1.0.4",
				"css-stringify": "1.0.5"
			}
		},
		"css-parse": {
			"version": "1.0.4"
		},
		"css-stringify": {
			"version": "1.0.5"
		},
		"dateformat": {
			"version": "2.2.0"
		},
		"debug": {
			"version": "3.2.6",
			"requires": {
				"ms": "^2.1.1"
			},
			"dependencies": {
				"ms": {
					"version": "2.1.1"
				}
			}
		},
		"depd": {
			"version": "1.1.2",
			"resolved": "https://registry.npmjs.org/depd/-/depd-1.1.2.tgz",
			"integrity": "sha1-m81S4UwJd2PnSbJ0xDRu0uVgtak="
		},
		"destroy": {
			"version": "1.0.4"
		},
		"dotenv": {
			"version": "8.2.0",
			"resolved": "https://registry.npmjs.org/dotenv/-/dotenv-8.2.0.tgz",
			"integrity": "sha512-8sJ78ElpbDJBHNeBzUbUVLsqKdccaa/BXF1uPTw3GrvQTBgrQrtObr2mUrE38vzYd8cEv+m/JBfDLioYcfXoaw=="
		},
		"ee-first": {
			"version": "1.1.1"
		},
		"encodeurl": {
			"version": "1.0.2"
		},
		"escape-html": {
			"version": "1.0.3"
		},
		"etag": {
			"version": "1.8.1"
		},
		"express": {
			"version": "4.17.1",
			"requires": {
				"accepts": "~1.3.7",
				"array-flatten": "1.1.1",
				"body-parser": "1.19.0",
				"content-disposition": "0.5.3",
				"content-type": "~1.0.4",
				"cookie": "0.4.0",
				"cookie-signature": "1.0.6",
				"debug": "2.6.9",
				"depd": "~1.1.2",
				"encodeurl": "~1.0.2",
				"escape-html": "~1.0.3",
				"etag": "~1.8.1",
				"finalhandler": "~1.1.2",
				"fresh": "0.5.2",
				"merge-descriptors": "1.0.1",
				"methods": "~1.1.2",
				"on-finished": "~2.3.0",
				"parseurl": "~1.3.3",
				"path-to-regexp": "0.1.7",
				"proxy-addr": "~2.0.5",
				"qs": "6.7.0",
				"range-parser": "~1.2.1",
				"safe-buffer": "5.1.2",
				"send": "0.17.1",
				"serve-static": "1.14.1",
				"setprototypeof": "1.1.1",
				"statuses": "~1.5.0",
				"type-is": "~1.6.18",
				"utils-merge": "1.0.1",
				"vary": "~1.1.2"
			},
			"dependencies": {
				"cookie": {
					"version": "0.4.0"
				},
				"debug": {
					"version": "2.6.9",
					"requires": {
						"ms": "2.0.0"
					}
				}
			}
		},
		"extend-shallow": {
			"version": "2.0.1",
			"requires": {
				"is-extendable": "^0.1.0"
			}
		},
		"finalhandler": {
			"version": "1.1.2",
			"requires": {
				"debug": "2.6.9",
				"encodeurl": "~1.0.2",
				"escape-html": "~1.0.3",
				"on-finished": "~2.3.0",
				"parseurl": "~1.3.3",
				"statuses": "~1.5.0",
				"unpipe": "~1.0.0"
			},
			"dependencies": {
				"debug": {
					"version": "2.6.9",
					"requires": {
						"ms": "2.0.0"
					}
				}
			}
		},
		"forwarded": {
			"version": "0.1.2"
		},
		"fresh": {
			"version": "0.5.2"
		},
		"get-value": {
			"version": "2.0.6"
		},
		"http-errors": {
			"version": "1.7.2",
			"resolved": "https://registry.npmjs.org/http-errors/-/http-errors-1.7.2.tgz",
			"integrity": "sha512-uUQBt3H/cSIVfch6i1EuPNy/YsRSOUBXTVfZ+yR7Zjez3qjBz6i9+i4zjNaoqcoFVI4lQJ5plg63TvGfRSDCRg==",
			"requires": {
				"depd": "~1.1.2",
				"inherits": "2.0.3",
				"setprototypeof": "1.1.1",
				"statuses": ">= 1.5.0 < 2",
				"toidentifier": "1.0.0"
			}
		},
		"iconv-lite": {
			"version": "0.4.24",
			"resolved": "https://registry.npmjs.org/iconv-lite/-/iconv-lite-0.4.24.tgz",
			"integrity": "sha512-v3MXnZAcvnywkTUEZomIActle7RXXeedOR31wwl7VlyoXO4Qi9arvSenNQWne1TcRwhCL1HwLI21bEqdpj8/rA==",
			"requires": {
				"safer-buffer": ">= 2.1.2 < 3"
			}
		},
		"inherits": {
			"version": "2.0.3"
		},
		"ipaddr.js": {
			"version": "1.9.0"
		},
		"is-buffer": {
			"version": "1.1.5"
		},
		"is-extendable": {
			"version": "0.1.1"
		},
		"is-plain-object": {
			"version": "2.0.4",
			"requires": {
				"isobject": "^3.0.1"
			}
		},
		"isarray": {
			"version": "1.0.0"
		},
		"isobject": {
			"version": "3.0.1"
		},
		"jade": {
			"version": "1.9.2",
			"resolved": "https://registry.npmjs.org/jade/-/jade-1.9.2.tgz",
			"integrity": "sha1-C4n5xg1OrSc46Ca6eyzKyaVwKr4=",
			"requires": {
				"character-parser": "1.2.1",
				"commander": "~2.6.0",
				"constantinople": "~3.0.1",
				"mkdirp": "~0.5.0",
				"transformers": "2.1.0",
				"void-elements": "~2.0.1",
				"with": "~4.0.0"
			}
		},
		"jquery": {
			"version": "3.6.0",
			"resolved": "https://registry.npmjs.org/jquery/-/jquery-3.6.0.tgz",
			"integrity": "sha512-JVzAR/AjBvVt2BmYhxRCSYysDsPcssdmTFnzyLEts9qNwmjmu4JTAMYubEfwVOSwpQ1I1sKKFcxhZCI2buerfw=="
		},
		"js-tokens": {
			"version": "4.0.0"
		},
		"json5": {
			"version": "1.0.1",
			"requires": {
				"minimist": "^1.2.0"
			}
		},
		"loose-envify": {
			"version": "1.4.0",
			"requires": {
				"js-tokens": "^3.0.0 || ^4.0.0"
			}
		},
		"md5": {
			"version": "2.2.1",
			"requires": {
				"charenc": "~0.0.1",
				"crypt": "~0.0.1",
				"is-buffer": "~1.1.1"
			}
		},
		"media-typer": {
			"version": "0.3.0"
		},
		"merge-descriptors": {
			"version": "1.0.1"
		},
		"methods": {
			"version": "1.1.2"
		},
		"mime": {
			"version": "1.6.0"
		},
		"mime-db": {
			"version": "1.47.0"
		},
		"mime-types": {
			"version": "2.1.30",
			"requires": {
				"mime-db": "1.47.0"
			}
		},
		"minimist": {
			"version": "1.2.5",
			"resolved": "https://registry.npmjs.org/minimist/-/minimist-1.2.5.tgz",
			"integrity": "sha512-FM9nNUYrRBAELZQT3xeZQ7fmMOBg6nWNmJKTcgsJeaLstP/UODVpGsr5OhXhhXg6f+qtJ8uiZ+PUxkDWcgIXLw=="
		},
		"mkdirp": {
			"version": "0.5.5",
			"resolved": "https://registry.npmjs.org/mkdirp/-/mkdirp-0.5.5.tgz",
			"integrity": "sha512-NKmAlESf6jMGym1++R0Ra7wvhV+wFW63FaSOFPwRahvea0gMUcGUhVeAg/0BC0wiv9ih5NYPB1Wn1UEI1/L+xQ==",
			"requires": {
				"minimist": "^1.2.5"
			}
		},
		"morgan": {
			"version": "1.10.0",
			"resolved": "https://registry.npmjs.org/morgan/-/morgan-1.10.0.tgz",
			"integrity": "sha512-AbegBVI4sh6El+1gNwvD5YIck7nSA36weD7xvIxG4in80j/UoK8AEGaWnnz8v1GxonMCltmlNs5ZKbGvl9b1XQ==",
			"requires": {
				"basic-auth": "~2.0.1",
				"debug": "2.6.9",
				"depd": "~2.0.0",
				"on-finished": "~2.3.0",
				"on-headers": "~1.0.2"
			},
			"dependencies": {
				"debug": {
					"version": "2.6.9",
					"resolved": "https://registry.npmjs.org/debug/-/debug-2.6.9.tgz",
					"integrity": "sha512-bC7ElrdJaJnPbAP+1EotYvqZsb3ecl5wi6Bfi6BJTUcNowp6cvspg0jXznRTKDjm/E7AdgFBVeAPVMNcKGsHMA==",
					"requires": {
						"ms": "2.0.0"
					}
				},
				"depd": {
					"version": "2.0.0",
					"resolved": "https://registry.npmjs.org/depd/-/depd-2.0.0.tgz",
					"integrity": "sha512-g7nH6P6dyDioJogAAGprGpCtVImJhpPk/roCzdb3fIh61/s/nPsfR6onyMwkCAR/OlC3yBC0lESvUoQEAssIrw=="
				}
			}
		},
		"ms": {
			"version": "2.0.0"
		},
		"mysql": {
			"version": "2.18.1",
			"requires": {
				"bignumber.js": "9.0.0",
				"readable-stream": "2.3.7",
				"safe-buffer": "5.1.2",
				"sqlstring": "2.3.1"
			}
		},
		"negotiator": {
			"version": "0.6.2"
		},
		"node-fetch": {
			"version": "2.6.1"
		},
		"object-assign": {
			"version": "4.1.1"
		},
		"on-finished": {
			"version": "2.3.0",
			"requires": {
				"ee-first": "1.1.1"
			}
		},
		"on-headers": {
			"version": "1.0.2",
			"resolved": "https://registry.npmjs.org/on-headers/-/on-headers-1.0.2.tgz",
			"integrity": "sha512-pZAE+FJLoyITytdqK0U5s+FIpjN0JP3OzFi/u8Rx+EV5/W+JTWGXG8xFzevE7AjBfDqHv/8vL8qQsIhHnqRkrA=="
		},
		"optimist": {
			"version": "0.3.7",
			"requires": {
				"wordwrap": "~0.0.2"
			}
		},
		"parseurl": {
			"version": "1.3.3"
		},
		"path-to-regexp": {
			"version": "0.1.7"
		},
		"process-nextick-args": {
			"version": "2.0.1"
		},
		"proxy-addr": {
			"version": "2.0.5",
			"requires": {
				"forwarded": "~0.1.2",
				"ipaddr.js": "1.9.0"
			}
		},
		"qs": {
			"version": "6.7.0"
		},
		"range-parser": {
			"version": "1.2.1"
		},
		"raw-body": {
			"version": "2.4.0",
			"resolved": "https://registry.npmjs.org/raw-body/-/raw-body-2.4.0.tgz",
			"integrity": "sha512-4Oz8DUIwdvoa5qMJelxipzi/iJIi40O5cGV1wNYp5hvZP8ZN0T+jiNkL0QepXs+EsQ9XJ8ipEDoiH70ySUJP3Q==",
			"requires": {
				"bytes": "3.1.0",
				"http-errors": "1.7.2",
				"iconv-lite": "0.4.24",
				"unpipe": "1.0.0"
			}
		},
		"react": {
			"version": "17.0.2",
			"requires": {
				"loose-envify": "^1.1.0",
				"object-assign": "^4.1.1"
			}
		},
		"react-dom": {
			"version": "17.0.2",
			"requires": {
				"loose-envify": "^1.1.0",
				"object-assign": "^4.1.1",
				"scheduler": "^0.20.2"
			}
		},
		"readable-stream": {
			"version": "2.3.7",
			"requires": {
				"core-util-is": "~1.0.0",
				"inherits": "~2.0.3",
				"isarray": "~1.0.0",
				"process-nextick-args": "~2.0.0",
				"safe-buffer": "~5.1.1",
				"string_decoder": "~1.1.1",
				"util-deprecate": "~1.0.1"
			}
		},
		"safe-buffer": {
			"version": "5.1.2"
		},
		"safer-buffer": {
			"version": "2.1.2"
		},
		"scheduler": {
			"version": "0.20.2",
			"requires": {
				"loose-envify": "^1.1.0",
				"object-assign": "^4.1.1"
			}
		},
		"send": {
			"version": "0.17.1",
			"requires": {
				"debug": "2.6.9",
				"depd": "~1.1.2",
				"destroy": "~1.0.4",
				"encodeurl": "~1.0.2",
				"escape-html": "~1.0.3",
				"etag": "~1.8.1",
				"fresh": "0.5.2",
				"http-errors": "~1.7.2",
				"mime": "1.6.0",
				"ms": "2.1.1",
				"on-finished": "~2.3.0",
				"range-parser": "~1.2.1",
				"statuses": "~1.5.0"
			},
			"dependencies": {
				"debug": {
					"version": "2.6.9",
					"requires": {
						"ms": "2.0.0"
					},
					"dependencies": {
						"ms": {
							"version": "2.0.0"
						}
					}
				},
				"ms": {
					"version": "2.1.1"
				}
			}
		},
		"serve-favicon": {
			"version": "2.4.5",
			"requires": {
				"etag": "~1.8.1",
				"fresh": "0.5.2",
				"ms": "2.0.0",
				"parseurl": "~1.3.2",
				"safe-buffer": "5.1.1"
			},
			"dependencies": {
				"safe-buffer": {
					"version": "5.1.1"
				}
			}
		},
		"serve-static": {
			"version": "1.14.1",
			"requires": {
				"encodeurl": "~1.0.2",
				"escape-html": "~1.0.3",
				"parseurl": "~1.3.3",
				"send": "0.17.1"
			}
		},
		"set-value": {
			"version": "2.0.1",
			"requires": {
				"extend-shallow": "^2.0.1",
				"is-extendable": "^0.1.1",
				"is-plain-object": "^2.0.3",
				"split-string": "^3.0.1"
			}
		},
		"setprototypeof": {
			"version": "1.1.1",
			"resolved": "https://registry.npmjs.org/setprototypeof/-/setprototypeof-1.1.1.tgz",
			"integrity": "sha512-JvdAWfbXeIGaZ9cILp38HntZSFSo3mWg6xGcJJsd+d4aRMOqauag1C63dJfDw7OaMYwEbHMOxEZ1lqVRYP2OAw=="
		},
		"sha256": {
			"version": "0.2.0",
			"requires": {
				"convert-hex": "~0.1.0",
				"convert-string": "~0.1.0"
			}
		},
		"sort-asc": {
			"version": "0.2.0"
		},
		"sort-desc": {
			"version": "0.2.0"
		},
		"sort-object": {
			"version": "3.0.3",
			"requires": {
				"bytewise": "^1.1.0",
				"get-value": "^2.0.2",
				"is-extendable": "^0.1.1",
				"sort-asc": "^0.2.0",
				"sort-desc": "^0.2.0",
				"union-value": "^1.0.1"
			}
		},
		"source-map": {
			"version": "0.1.43",
			"resolved": "https://registry.npmjs.org/source-map/-/source-map-0.1.43.tgz",
			"integrity": "sha1-wkvBRspRfBRx9drL4lcbK3+eM0Y=",
			"requires": {
				"amdefine": ">=0.0.4"
			}
		},
		"split-string": {
			"version": "3.1.0",
			"requires": {
				"extend-shallow": "^3.0.0"
			},
			"dependencies": {
				"extend-shallow": {
					"version": "3.0.2",
					"requires": {
						"assign-symbols": "^1.0.0",
						"is-extendable": "^1.0.1"
					}
				},
				"is-extendable": {
					"version": "1.0.1",
					"requires": {
						"is-plain-object": "^2.0.4"
					}
				}
			}
		},
		"sqlstring": {
			"version": "2.3.1"
		},
		"statuses": {
			"version": "1.5.0"
		},
		"string_decoder": {
			"version": "1.1.1",
			"requires": {
				"safe-buffer": "~5.1.0"
			}
		},
		"toidentifier": {
			"version": "1.0.0"
		},
		"transformers": {
			"version": "2.1.0",
			"requires": {
				"css": "~1.0.8",
				"promise": "~2.0",
				"uglify-js": "~2.2.5"
			},
			"dependencies": {
				"is-promise": {
					"version": "1.0.1"
				},
				"promise": {
					"version": "2.0.0",
					"requires": {
						"is-promise": "~1"
					}
				}
			}
		},
		"type-is": {
			"version": "1.6.18",
			"requires": {
				"media-typer": "0.3.0",
				"mime-types": "~2.1.24"
			}
		},
		"typewise": {
			"version": "1.0.3",
			"requires": {
				"typewise-core": "^1.2.0"
			}
		},
		"typewise-core": {
			"version": "1.2.0"
		},
		"uglify-js": {
			"version": "2.2.5",
			"resolved": "https://registry.npmjs.org/uglify-js/-/uglify-js-2.2.5.tgz",
			"integrity": "sha1-puAqcNg5eSuXgEiLe4sYTAlcmcc=",
			"requires": {
				"optimist": "~0.3.5",
				"source-map": "~0.1.7"
			}
		},
		"union-value": {
			"version": "1.0.1",
			"requires": {
				"arr-union": "^3.1.0",
				"get-value": "^2.0.6",
				"is-extendable": "^0.1.1",
				"set-value": "^2.0.1"
			}
		},
		"unpipe": {
			"version": "1.0.0"
		},
		"urlencode": {
			"version": "1.1.0",
			"requires": {
				"iconv-lite": "~0.4.11"
			}
		},
		"util-deprecate": {
			"version": "1.0.2"
		},
		"utils-merge": {
			"version": "1.0.1"
		},
		"uuid": {
			"version": "8.3.2"
		},
		"uuidv1": {
			"version": "1.6.14"
		},
		"uuidv4": {
			"version": "6.2.7",
			"requires": {
				"@types/uuid": "8.3.0",
				"uuid": "8.3.2"
			}
		},
		"vary": {
			"version": "1.1.2"
		},
		"void-elements": {
			"version": "2.0.1"
		},
		"with": {
			"version": "4.0.3",
			"requires": {
				"acorn": "^1.0.1",
				"acorn-globals": "^1.0.3"
			},
			"dependencies": {
				"acorn": {
					"version": "1.2.2"
				}
			}
		},
		"wordwrap": {
			"version": "0.0.3"
		}
	}
}
